
Microsoft Visual Studio Solution File, Format Version 12.00
# Visual Studio Version 17
VisualStudioVersion = 17.7.34202.233
MinimumVisualStudioVersion = 10.0.40219.1
Project("{9A19103F-16F7-4668-BE54-9A1E7A4F7556}") = "CodingChallenges.UnixCommandLineTool", "CodingChallenges.UnixCommandLineTool\CodingChallenges.UnixCommandLineTool.csproj", "{04BBFCEB-A584-467F-9282-FCB52088DAF2}"
EndProject
Project("{9A19103F-16F7-4668-BE54-9A1E7A4F7556}") = "CodingChallenges.Tests", "CodingChallenges.Tests\CodingChallenges.Tests.csproj", "{E7153E61-872A-4922-97E5-C37CA954BFAC}"
EndProject
Project("{9A19103F-16F7-4668-BE54-9A1E7A4F7556}") = "CodingChallenges.Library", "CodingChallenges.Library\CodingChallenges.Library.csproj", "{6549C784-6AD0-4F74-9A78-C5B951B1FDB8}"
EndProject
Project("{2150E333-8FDC-42A3-9474-1A3956D46DE8}") = "Solution items", "Solution items", "{5866FBB7-906C-469D-A2A1-B9D587A91987}"
	ProjectSection(SolutionItems) = preProject
		Directory.Build.props = Directory.Build.props
		notes.txt = notes.txt
		oldCode.txt = oldCode.txt
	EndProjectSection
EndProject
Project("{9A19103F-16F7-4668-BE54-9A1E7A4F7556}") = "CodingChallenges.Monads", "CodingChallenges.Monads\CodingChallenges.Monads.csproj", "{AE948D6A-A9FE-4CB8-9D5C-6EF25A4C3519}"
EndProject
Project("{9A19103F-16F7-4668-BE54-9A1E7A4F7556}") = "CodingChallenges.JsonParser", "CodingChallenges.JsonParser\CodingChallenges.JsonParser.csproj", "{6400BD0D-0740-46B9-BCF9-ECE435B4FDE5}"
EndProject
Project("{9A19103F-16F7-4668-BE54-9A1E7A4F7556}") = "CodingChallenges.ConverterJson", "CodingChallenges.ConverterJson\CodingChallenges.ConverterJson.csproj", "{741324B7-BB67-4DE4-90FC-005DC19949F5}"
EndProject
Project("{9A19103F-16F7-4668-BE54-9A1E7A4F7556}") = "LearningPhaseProject", "LearningPhaseProject\LearningPhaseProject.csproj", "{CE733483-4160-4E8D-BB20-EB06154CDF3B}"
EndProject
Global
	GlobalSection(SolutionConfigurationPlatforms) = preSolution
		Debug|Any CPU = Debug|Any CPU
		Release|Any CPU = Release|Any CPU
	EndGlobalSection
	GlobalSection(ProjectConfigurationPlatforms) = postSolution
		{04BBFCEB-A584-467F-9282-FCB52088DAF2}.Debug|Any CPU.ActiveCfg = Debug|Any CPU
		{04BBFCEB-A584-467F-9282-FCB52088DAF2}.Debug|Any CPU.Build.0 = Debug|Any CPU
		{04BBFCEB-A584-467F-9282-FCB52088DAF2}.Release|Any CPU.ActiveCfg = Release|Any CPU
		{04BBFCEB-A584-467F-9282-FCB52088DAF2}.Release|Any CPU.Build.0 = Release|Any CPU
		{E7153E61-872A-4922-97E5-C37CA954BFAC}.Debug|Any CPU.ActiveCfg = Debug|Any CPU
		{E7153E61-872A-4922-97E5-C37CA954BFAC}.Debug|Any CPU.Build.0 = Debug|Any CPU
		{E7153E61-872A-4922-97E5-C37CA954BFAC}.Release|Any CPU.ActiveCfg = Release|Any CPU
		{E7153E61-872A-4922-97E5-C37CA954BFAC}.Release|Any CPU.Build.0 = Release|Any CPU
		{6549C784-6AD0-4F74-9A78-C5B951B1FDB8}.Debug|Any CPU.ActiveCfg = Debug|Any CPU
		{6549C784-6AD0-4F74-9A78-C5B951B1FDB8}.Debug|Any CPU.Build.0 = Debug|Any CPU
		{6549C784-6AD0-4F74-9A78-C5B951B1FDB8}.Release|Any CPU.ActiveCfg = Release|Any CPU
		{6549C784-6AD0-4F74-9A78-C5B951B1FDB8}.Release|Any CPU.Build.0 = Release|Any CPU
		{AE948D6A-A9FE-4CB8-9D5C-6EF25A4C3519}.Debug|Any CPU.ActiveCfg = Debug|Any CPU
		{AE948D6A-A9FE-4CB8-9D5C-6EF25A4C3519}.Debug|Any CPU.Build.0 = Debug|Any CPU
		{AE948D6A-A9FE-4CB8-9D5C-6EF25A4C3519}.Release|Any CPU.ActiveCfg = Release|Any CPU
		{AE948D6A-A9FE-4CB8-9D5C-6EF25A4C3519}.Release|Any CPU.Build.0 = Release|Any CPU
		{6400BD0D-0740-46B9-BCF9-ECE435B4FDE5}.Debug|Any CPU.ActiveCfg = Debug|Any CPU
		{6400BD0D-0740-46B9-BCF9-ECE435B4FDE5}.Debug|Any CPU.Build.0 = Debug|Any CPU
		{6400BD0D-0740-46B9-BCF9-ECE435B4FDE5}.Release|Any CPU.ActiveCfg = Release|Any CPU
		{6400BD0D-0740-46B9-BCF9-ECE435B4FDE5}.Release|Any CPU.Build.0 = Release|Any CPU
		{741324B7-BB67-4DE4-90FC-005DC19949F5}.Debug|Any CPU.ActiveCfg = Debug|Any CPU
		{741324B7-BB67-4DE4-90FC-005DC19949F5}.Debug|Any CPU.Build.0 = Debug|Any CPU
		{741324B7-BB67-4DE4-90FC-005DC19949F5}.Release|Any CPU.ActiveCfg = Release|Any CPU
		{741324B7-BB67-4DE4-90FC-005DC19949F5}.Release|Any CPU.Build.0 = Release|Any CPU
		{CE733483-4160-4E8D-BB20-EB06154CDF3B}.Debug|Any CPU.ActiveCfg = Debug|Any CPU
		{CE733483-4160-4E8D-BB20-EB06154CDF3B}.Debug|Any CPU.Build.0 = Debug|Any CPU
		{CE733483-4160-4E8D-BB20-EB06154CDF3B}.Release|Any CPU.ActiveCfg = Release|Any CPU
		{CE733483-4160-4E8D-BB20-EB06154CDF3B}.Release|Any CPU.Build.0 = Release|Any CPU
	EndGlobalSection
	GlobalSection(SolutionProperties) = preSolution
		HideSolutionNode = FALSE
	EndGlobalSection
	GlobalSection(ExtensibilityGlobals) = postSolution
		SolutionGuid = {77C3169A-DA2E-42A2-A2A9-DF97B117435C}
	EndGlobalSection
EndGlobal
